
Microsoft Visual Studio Solution File, Format Version 12.00
# Visual Studio Version 17
VisualStudioVersion = 17.0.31903.59
MinimumVisualStudioVersion = 10.0.40219.1
Project("{9A19103F-16F7-4668-BE54-9A1E7A4F7556}") = "CpdailyClient", "CpdailyClient\CpdailyClient.csproj", "{22BBF8BE-3F30-4435-9AA8-F73A7FAF88A5}"
EndProject
Project("{9A19103F-16F7-4668-BE54-9A1E7A4F7556}") = "MobileLogin", "Examples\MobileLogin\MobileLogin.csproj", "{44E7998B-BFD8-4287-8CFB-306BA56ADDAD}"
EndProject
Project("{2150E333-8FDC-42A3-9474-1A3956D46DE8}") = "Solution Items", "Solution Items", "{01B1C14C-BE44-44D8-8FCD-759464416FAC}"
	ProjectSection(SolutionItems) = preProject
		.editorconfig = .editorconfig
	EndProjectSection
EndProject
Project("{2150E333-8FDC-42A3-9474-1A3956D46DE8}") = "Examples", "Examples", "{86EAB942-8DA2-4264-908C-A8245438D44B}"
EndProject
Project("{9A19103F-16F7-4668-BE54-9A1E7A4F7556}") = "CqjtuLibrary", "Examples\CqjtuLibrary\CqjtuLibrary.csproj", "{05EA4E66-ABAE-4446-9857-66670863C062}"
EndProject
Project("{FAE04EC0-301F-11D3-BF4B-00C04F79EFBC}") = "PayInfo", "Examples\PayInfo\PayInfo.csproj", "{86A2578F-B5C6-4F21-933B-41B334E3E2B2}"
EndProject
Global
	GlobalSection(SolutionConfigurationPlatforms) = preSolution
		Debug|Any CPU = Debug|Any CPU
		Release|Any CPU = Release|Any CPU
	EndGlobalSection
	GlobalSection(ProjectConfigurationPlatforms) = postSolution
		{22BBF8BE-3F30-4435-9AA8-F73A7FAF88A5}.Debug|Any CPU.ActiveCfg = Debug|Any CPU
		{22BBF8BE-3F30-4435-9AA8-F73A7FAF88A5}.Debug|Any CPU.Build.0 = Debug|Any CPU
		{22BBF8BE-3F30-4435-9AA8-F73A7FAF88A5}.Release|Any CPU.ActiveCfg = Release|Any CPU
		{22BBF8BE-3F30-4435-9AA8-F73A7FAF88A5}.Release|Any CPU.Build.0 = Release|Any CPU
		{44E7998B-BFD8-4287-8CFB-306BA56ADDAD}.Debug|Any CPU.ActiveCfg = Debug|Any CPU
		{44E7998B-BFD8-4287-8CFB-306BA56ADDAD}.Debug|Any CPU.Build.0 = Debug|Any CPU
		{44E7998B-BFD8-4287-8CFB-306BA56ADDAD}.Release|Any CPU.ActiveCfg = Release|Any CPU
		{44E7998B-BFD8-4287-8CFB-306BA56ADDAD}.Release|Any CPU.Build.0 = Release|Any CPU
		{05EA4E66-ABAE-4446-9857-66670863C062}.Debug|Any CPU.ActiveCfg = Debug|Any CPU
		{05EA4E66-ABAE-4446-9857-66670863C062}.Debug|Any CPU.Build.0 = Debug|Any CPU
		{05EA4E66-ABAE-4446-9857-66670863C062}.Release|Any CPU.ActiveCfg = Release|Any CPU
		{05EA4E66-ABAE-4446-9857-66670863C062}.Release|Any CPU.Build.0 = Release|Any CPU
		{86A2578F-B5C6-4F21-933B-41B334E3E2B2}.Debug|Any CPU.ActiveCfg = Debug|Any CPU
		{86A2578F-B5C6-4F21-933B-41B334E3E2B2}.Debug|Any CPU.Build.0 = Debug|Any CPU
		{86A2578F-B5C6-4F21-933B-41B334E3E2B2}.Release|Any CPU.ActiveCfg = Release|Any CPU
		{86A2578F-B5C6-4F21-933B-41B334E3E2B2}.Release|Any CPU.Build.0 = Release|Any CPU
	EndGlobalSection
	GlobalSection(SolutionProperties) = preSolution
		HideSolutionNode = FALSE
	EndGlobalSection
	GlobalSection(NestedProjects) = preSolution
		{44E7998B-BFD8-4287-8CFB-306BA56ADDAD} = {86EAB942-8DA2-4264-908C-A8245438D44B}
		{05EA4E66-ABAE-4446-9857-66670863C062} = {86EAB942-8DA2-4264-908C-A8245438D44B}
		{86A2578F-B5C6-4F21-933B-41B334E3E2B2} = {86EAB942-8DA2-4264-908C-A8245438D44B}
	EndGlobalSection
	GlobalSection(ExtensibilityGlobals) = postSolution
		SolutionGuid = {9D4D8650-80FC-4170-AB42-947178C2AB35}
	EndGlobalSection
EndGlobal
